
Microsoft Visual Studio Solution File, Format Version 12.00
# Visual Studio Version 16
VisualStudioVersion = 16.0.32126.315
MinimumVisualStudioVersion = 10.0.40219.1
Project("{FAE04EC0-301F-11D3-BF4B-00C04F79EFBC}") = "2LAB1", "2LAB1\2LAB1.csproj", "{873BC2C5-63A7-42D6-A8C8-850CB1B0901B}"
EndProject
Global
	GlobalSection(SolutionConfigurationPlatforms) = preSolution
		Debug|Any CPU = Debug|Any CPU
		Release|Any CPU = Release|Any CPU
	EndGlobalSection
	GlobalSection(ProjectConfigurationPlatforms) = postSolution
		{873BC2C5-63A7-42D6-A8C8-850CB1B0901B}.Debug|Any CPU.ActiveCfg = Debug|Any CPU
		{873BC2C5-63A7-42D6-A8C8-850CB1B0901B}.Debug|Any CPU.Build.0 = Debug|Any CPU
		{873BC2C5-63A7-42D6-A8C8-850CB1B0901B}.Release|Any CPU.ActiveCfg = Release|Any CPU
		{873BC2C5-63A7-42D6-A8C8-850CB1B0901B}.Release|Any CPU.Build.0 = Release|Any CPU
	EndGlobalSection
	GlobalSection(SolutionProperties) = preSolution
		HideSolutionNode = FALSE
	EndGlobalSection
	GlobalSection(ExtensibilityGlobals) = postSolution
		SolutionGuid = {E6307B22-A277-4F7D-A69F-65E78D56A308}
	EndGlobalSection
EndGlobal
